
Microsoft Visual Studio Solution File, Format Version 12.00
# Visual Studio Version 16
VisualStudioVersion = 16.0.29215.179
MinimumVisualStudioVersion = 10.0.40219.1
Project("{9A19103F-16F7-4668-BE54-9A1E7A4F7556}") = "AsyncInitializationWithSimpleInjectorDemo", "AsyncInitializationWithSimpleInjectorDemo\AsyncInitializationWithSimpleInjectorDemo.csproj", "{6BA1E0CB-718F-4041-BD4E-11DC554F719F}"
EndProject
Project("{9A19103F-16F7-4668-BE54-9A1E7A4F7556}") = "AISIDemo.EntityFramework.Infrastructure", "AISIDemo.EntityFramework.Infrastructure\AISIDemo.EntityFramework.Infrastructure.csproj", "{E5B4BBAE-DAF0-4A5F-8419-E1301B45D127}"
EndProject
Project("{9A19103F-16F7-4668-BE54-9A1E7A4F7556}") = "AISIDemo.EntityFramework.Models", "AISIDemo.EntityFramework.Models\AISIDemo.EntityFramework.Models.csproj", "{2C447DA7-B812-4567-AB1A-004E472583AD}"
EndProject
Project("{9A19103F-16F7-4668-BE54-9A1E7A4F7556}") = "AISIDemo.School.Domain", "AISIDemo.School.Domain\AISIDemo.School.Domain.csproj", "{8628B3B8-1F4B-42A4-9540-EE732B6BE33E}"
EndProject
Project("{9A19103F-16F7-4668-BE54-9A1E7A4F7556}") = "AISIDemo.School.Implementation", "AISIDemo.School.Implementation\AISIDemo.School.Implementation.csproj", "{E56F246B-20D5-4D15-97BF-BBF8A8EE3D98}"
EndProject
Project("{FAE04EC0-301F-11D3-BF4B-00C04F79EFBC}") = "AsyncInitializationWithSimpleInjectorDemo.IntegrationTests", "AsyncInitializationWithSimpleInjectorDemo.IntegrationTests\AsyncInitializationWithSimpleInjectorDemo.IntegrationTests.csproj", "{3FE42DC8-CCF9-4885-87EA-32F4437A13D8}"
EndProject
Global
	GlobalSection(SolutionConfigurationPlatforms) = preSolution
		Debug|Any CPU = Debug|Any CPU
		Release|Any CPU = Release|Any CPU
	EndGlobalSection
	GlobalSection(ProjectConfigurationPlatforms) = postSolution
		{6BA1E0CB-718F-4041-BD4E-11DC554F719F}.Debug|Any CPU.ActiveCfg = Debug|Any CPU
		{6BA1E0CB-718F-4041-BD4E-11DC554F719F}.Debug|Any CPU.Build.0 = Debug|Any CPU
		{6BA1E0CB-718F-4041-BD4E-11DC554F719F}.Release|Any CPU.ActiveCfg = Release|Any CPU
		{6BA1E0CB-718F-4041-BD4E-11DC554F719F}.Release|Any CPU.Build.0 = Release|Any CPU
		{E5B4BBAE-DAF0-4A5F-8419-E1301B45D127}.Debug|Any CPU.ActiveCfg = Debug|Any CPU
		{E5B4BBAE-DAF0-4A5F-8419-E1301B45D127}.Debug|Any CPU.Build.0 = Debug|Any CPU
		{E5B4BBAE-DAF0-4A5F-8419-E1301B45D127}.Release|Any CPU.ActiveCfg = Release|Any CPU
		{E5B4BBAE-DAF0-4A5F-8419-E1301B45D127}.Release|Any CPU.Build.0 = Release|Any CPU
		{2C447DA7-B812-4567-AB1A-004E472583AD}.Debug|Any CPU.ActiveCfg = Debug|Any CPU
		{2C447DA7-B812-4567-AB1A-004E472583AD}.Debug|Any CPU.Build.0 = Debug|Any CPU
		{2C447DA7-B812-4567-AB1A-004E472583AD}.Release|Any CPU.ActiveCfg = Release|Any CPU
		{2C447DA7-B812-4567-AB1A-004E472583AD}.Release|Any CPU.Build.0 = Release|Any CPU
		{8628B3B8-1F4B-42A4-9540-EE732B6BE33E}.Debug|Any CPU.ActiveCfg = Debug|Any CPU
		{8628B3B8-1F4B-42A4-9540-EE732B6BE33E}.Debug|Any CPU.Build.0 = Debug|Any CPU
		{8628B3B8-1F4B-42A4-9540-EE732B6BE33E}.Release|Any CPU.ActiveCfg = Release|Any CPU
		{8628B3B8-1F4B-42A4-9540-EE732B6BE33E}.Release|Any CPU.Build.0 = Release|Any CPU
		{E56F246B-20D5-4D15-97BF-BBF8A8EE3D98}.Debug|Any CPU.ActiveCfg = Debug|Any CPU
		{E56F246B-20D5-4D15-97BF-BBF8A8EE3D98}.Debug|Any CPU.Build.0 = Debug|Any CPU
		{E56F246B-20D5-4D15-97BF-BBF8A8EE3D98}.Release|Any CPU.ActiveCfg = Release|Any CPU
		{E56F246B-20D5-4D15-97BF-BBF8A8EE3D98}.Release|Any CPU.Build.0 = Release|Any CPU
		{3FE42DC8-CCF9-4885-87EA-32F4437A13D8}.Debug|Any CPU.ActiveCfg = Debug|Any CPU
		{3FE42DC8-CCF9-4885-87EA-32F4437A13D8}.Debug|Any CPU.Build.0 = Debug|Any CPU
		{3FE42DC8-CCF9-4885-87EA-32F4437A13D8}.Release|Any CPU.ActiveCfg = Release|Any CPU
		{3FE42DC8-CCF9-4885-87EA-32F4437A13D8}.Release|Any CPU.Build.0 = Release|Any CPU
	EndGlobalSection
	GlobalSection(SolutionProperties) = preSolution
		HideSolutionNode = FALSE
	EndGlobalSection
	GlobalSection(ExtensibilityGlobals) = postSolution
		SolutionGuid = {94058EEF-9DBF-49D4-8392-0C39566A74E2}
	EndGlobalSection
EndGlobal
